
Microsoft Visual Studio Solution File, Format Version 12.00
# Visual Studio Version 16
VisualStudioVersion = 16.0.30907.101
MinimumVisualStudioVersion = 10.0.40219.1
Project("{FAE04EC0-301F-11D3-BF4B-00C04F79EFBC}") = "BooksApi1", "BooksApi1\BooksApi1.csproj", "{A37BEC36-4E21-47A7-A808-9B462FFCDA0D}"
EndProject
Global
	GlobalSection(SolutionConfigurationPlatforms) = preSolution
		Debug|Any CPU = Debug|Any CPU
		Release|Any CPU = Release|Any CPU
	EndGlobalSection
	GlobalSection(ProjectConfigurationPlatforms) = postSolution
		{A37BEC36-4E21-47A7-A808-9B462FFCDA0D}.Debug|Any CPU.ActiveCfg = Debug|Any CPU
		{A37BEC36-4E21-47A7-A808-9B462FFCDA0D}.Debug|Any CPU.Build.0 = Debug|Any CPU
		{A37BEC36-4E21-47A7-A808-9B462FFCDA0D}.Release|Any CPU.ActiveCfg = Release|Any CPU
		{A37BEC36-4E21-47A7-A808-9B462FFCDA0D}.Release|Any CPU.Build.0 = Release|Any CPU
	EndGlobalSection
	GlobalSection(SolutionProperties) = preSolution
		HideSolutionNode = FALSE
	EndGlobalSection
	GlobalSection(ExtensibilityGlobals) = postSolution
		SolutionGuid = {88F30987-2E0F-45C7-BE94-FBC4DA1DA4E5}
	EndGlobalSection
EndGlobal
